<?xml version="1.0" encoding="utf-8"?>
<Project ToolsVersion="4.0" xmlns="http://schemas.microsoft.com/developer/msbuild/2003">
  <ItemGroup>
    <Filter Include="Исходные файлы">
      <UniqueIdentifier>{4FC737F1-C7A5-4376-A066-2A32D752A2FF}</UniqueIdentifier>
      <Extensions>cpp;c;cc;cxx;c++;cppm;ixx;def;odl;idl;hpj;bat;asm;asmx</Extensions>
    </Filter>
    <Filter Include="Файлы заголовков">
      <UniqueIdentifier>{93995380-89BD-4b04-88EB-625FBE52EBFB}</UniqueIdentifier>
      <Extensions>h;hh;hpp;hxx;h++;hm;inl;inc;ipp;xsd</Extensions>
    </Filter>
    <Filter Include="Файлы ресурсов">
      <UniqueIdentifier>{67DA6AB6-F800-4c08-8B7A-83BB121AAD01}</UniqueIdentifier>
      <Extensions>rc;ico;cur;bmp;dlg;rc2;rct;bin;rgs;gif;jpg;jpeg;jpe;resx;tiff;tif;png;wav;mfcribbon-ms</Extensions>
    </Filter>
  </ItemGroup>
  <ItemGroup>
    <ClCompile Include="MyLang.cpp">
      <Filter>Исходные файлы</Filter>
    </ClCompile>
    <ClCompile Include="Compiler.cpp">
      <Filter>Исходные файлы</Filter>
    </ClCompile>
    <ClCompile Include="LecsicalAnalyzer.cpp">
      <Filter>Исходные файлы</Filter>
    </ClCompile>
    <ClCompile Include="LecsicalToken.cpp">
      <Filter>Исходные файлы</Filter>
    </ClCompile>
    <ClCompile Include="SyntaxAnalyzer.cpp">
      <Filter>Исходные файлы</Filter>
    </ClCompile>
    <ClCompile Include="Path.cpp">
      <Filter>Исходные файлы</Filter>
    </ClCompile>
    <ClCompile Include="SemanticsAnalyzer.cpp">
      <Filter>Исходные файлы</Filter>
    </ClCompile>
    <ClCompile Include="RpnToken.cpp">
      <Filter>Исходные файлы</Filter>
    </ClCompile>
    <ClCompile Include="Type.cpp">
      <Filter>Исходные файлы</Filter>
    </ClCompile>
    <ClCompile Include="RpnCreator.cpp">
      <Filter>Исходные файлы</Filter>
    </ClCompile>
    <ClCompile Include="call_ids.cpp">
      <Filter>Исходные файлы</Filter>
    </ClCompile>
    <ClCompile Include="Data.cpp">
      <Filter>Исходные файлы</Filter>
    </ClCompile>
    <ClCompile Include="Executor.cpp">
      <Filter>Исходные файлы</Filter>
    </ClCompile>
  </ItemGroup>
  <ItemGroup>
    <ClInclude Include="Compiler.h">
      <Filter>Файлы заголовков</Filter>
    </ClInclude>
    <ClInclude Include="includes.h">
      <Filter>Файлы заголовков</Filter>
    </ClInclude>
    <ClInclude Include="LecsicalAnalyzer.h">
      <Filter>Файлы заголовков</Filter>
    </ClInclude>
    <ClInclude Include="LecsicalToken.h">
      <Filter>Файлы заголовков</Filter>
    </ClInclude>
    <ClInclude Include="SyntaxAnalyzer.h">
      <Filter>Файлы заголовков</Filter>
    </ClInclude>
    <ClInclude Include="Path.h">
      <Filter>Файлы заголовков</Filter>
    </ClInclude>
    <ClInclude Include="SemanticsAnalyzer.h">
      <Filter>Файлы заголовков</Filter>
    </ClInclude>
    <ClInclude Include="RpnToken.h">
      <Filter>Файлы заголовков</Filter>
    </ClInclude>
    <ClInclude Include="Type.h">
      <Filter>Файлы заголовков</Filter>
    </ClInclude>
    <ClInclude Include="RpnCreator.h">
      <Filter>Файлы заголовков</Filter>
    </ClInclude>
    <ClInclude Include="call_ids.h">
      <Filter>Файлы заголовков</Filter>
    </ClInclude>
    <ClInclude Include="Data.h">
      <Filter>Файлы заголовков</Filter>
    </ClInclude>
    <ClInclude Include="Executor.h">
      <Filter>Файлы заголовков</Filter>
    </ClInclude>
  </ItemGroup>
  <ItemGroup>
    <Text Include="program.txt">
      <Filter>Файлы ресурсов</Filter>
    </Text>
    <Text Include="import.txt">
      <Filter>Файлы ресурсов</Filter>
    </Text>
  </ItemGroup>
  <ItemGroup>
    <None Include="..\..\..\..\Desktop\mylang\import.mylang">
      <Filter>Файлы ресурсов</Filter>
    </None>
    <None Include="..\..\..\..\Desktop\mylang\program.mylang">
      <Filter>Файлы ресурсов</Filter>
    </None>
    <None Include="..\x64\Debug\standart_lib.mylang">
      <Filter>Файлы ресурсов</Filter>
    </None>
  </ItemGroup>
</Project>